
Microsoft Visual Studio Solution File, Format Version 12.00
# Visual Studio 15
VisualStudioVersion = 15.0.28307.705
MinimumVisualStudioVersion = 10.0.40219.1
Project("{FAE04EC0-301F-11D3-BF4B-00C04F79EFBC}") = "Online book shop", "Online book shop\Online book shop.csproj", "{14719E01-9953-469C-A5EA-52BED926629C}"
EndProject
Global
	GlobalSection(SolutionConfigurationPlatforms) = preSolution
		Debug|Any CPU = Debug|Any CPU
		Release|Any CPU = Release|Any CPU
	EndGlobalSection
	GlobalSection(ProjectConfigurationPlatforms) = postSolution
		{14719E01-9953-469C-A5EA-52BED926629C}.Debug|Any CPU.ActiveCfg = Debug|Any CPU
		{14719E01-9953-469C-A5EA-52BED926629C}.Debug|Any CPU.Build.0 = Debug|Any CPU
		{14719E01-9953-469C-A5EA-52BED926629C}.Release|Any CPU.ActiveCfg = Release|Any CPU
		{14719E01-9953-469C-A5EA-52BED926629C}.Release|Any CPU.Build.0 = Release|Any CPU
	EndGlobalSection
	GlobalSection(SolutionProperties) = preSolution
		HideSolutionNode = FALSE
	EndGlobalSection
	GlobalSection(ExtensibilityGlobals) = postSolution
		SolutionGuid = {214E2835-888F-4A34-82C1-D9A7CEF91458}
	EndGlobalSection
	GlobalSection(MonoDevelopProperties) = preSolution
		Policies = $0
		$0.DotNetNamingPolicy = $1
		$1.DirectoryNamespaceAssociation = PrefixedHierarchical
	EndGlobalSection
EndGlobal
