
Microsoft Visual Studio Solution File, Format Version 12.00
# Visual Studio Version 16
VisualStudioVersion = 16.0.32228.343
MinimumVisualStudioVersion = 10.0.40219.1
Project("{FAE04EC0-301F-11D3-BF4B-00C04F79EFBC}") = "Online book shop", "Online book shop\Online book shop.csproj", "{14719E01-9953-469C-A5EA-52BED926629C}"
EndProject
Project("{FAE04EC0-301F-11D3-BF4B-00C04F79EFBC}") = "OnlineBookshopTest", "OnlineBookshopTest\OnlineBookshopTest.csproj", "{F591DE35-606D-4203-B28D-1704578891AE}"
EndProject
Global
	GlobalSection(SolutionConfigurationPlatforms) = preSolution
		Debug|Any CPU = Debug|Any CPU
		Release|Any CPU = Release|Any CPU
	EndGlobalSection
	GlobalSection(ProjectConfigurationPlatforms) = postSolution
		{14719E01-9953-469C-A5EA-52BED926629C}.Debug|Any CPU.ActiveCfg = Debug|Any CPU
		{14719E01-9953-469C-A5EA-52BED926629C}.Debug|Any CPU.Build.0 = Debug|Any CPU
		{14719E01-9953-469C-A5EA-52BED926629C}.Release|Any CPU.ActiveCfg = Release|Any CPU
		{14719E01-9953-469C-A5EA-52BED926629C}.Release|Any CPU.Build.0 = Release|Any CPU
		{F591DE35-606D-4203-B28D-1704578891AE}.Debug|Any CPU.ActiveCfg = Debug|Any CPU
		{F591DE35-606D-4203-B28D-1704578891AE}.Debug|Any CPU.Build.0 = Debug|Any CPU
		{F591DE35-606D-4203-B28D-1704578891AE}.Release|Any CPU.ActiveCfg = Release|Any CPU
		{F591DE35-606D-4203-B28D-1704578891AE}.Release|Any CPU.Build.0 = Release|Any CPU
	EndGlobalSection
	GlobalSection(SolutionProperties) = preSolution
		HideSolutionNode = FALSE
	EndGlobalSection
	GlobalSection(ExtensibilityGlobals) = postSolution
		SolutionGuid = {214E2835-888F-4A34-82C1-D9A7CEF91458}
	EndGlobalSection
EndGlobal
